
Microsoft Visual Studio Solution File, Format Version 12.00
# Visual Studio Version 17
VisualStudioVersion = 17.3.32922.545
MinimumVisualStudioVersion = 10.0.40219.1
Project("{FAE04EC0-301F-11D3-BF4B-00C04F79EFBC}") = "AIWritingDetector", "AIWritingDetector.csproj", "{BDAD863B-04DA-4CD5-961F-6A62B2E48FF5}"
EndProject
Global
	GlobalSection(SolutionConfigurationPlatforms) = preSolution
		Debug|Any CPU = Debug|Any CPU
		Release|Any CPU = Release|Any CPU
	EndGlobalSection
	GlobalSection(ProjectConfigurationPlatforms) = postSolution
		{BDAD863B-04DA-4CD5-961F-6A62B2E48FF5}.Debug|Any CPU.ActiveCfg = Debug|Any CPU
		{BDAD863B-04DA-4CD5-961F-6A62B2E48FF5}.Debug|Any CPU.Build.0 = Debug|Any CPU
		{BDAD863B-04DA-4CD5-961F-6A62B2E48FF5}.Release|Any CPU.ActiveCfg = Release|Any CPU
		{BDAD863B-04DA-4CD5-961F-6A62B2E48FF5}.Release|Any CPU.Build.0 = Release|Any CPU
	EndGlobalSection
	GlobalSection(SolutionProperties) = preSolution
		HideSolutionNode = FALSE
	EndGlobalSection
	GlobalSection(ExtensibilityGlobals) = postSolution
		SolutionGuid = {330D5504-4DE1-4E92-841D-22D58BCD2919}
	EndGlobalSection
EndGlobal
